// !$*UTF8*$!
{
	archiveVersion = 1;
	classes = {
	};
	objectVersion = 46;
	objects = {

/* Begin PBXBuildFile section */
		520DD4331A1BBE4F004EBE2B /* signup.json in Resources */ = {isa = PBXBuildFile; fileRef = 520DD4321A1BBE4F004EBE2B /* signup.json */; };
		520DD4351A1BBE66004EBE2B /* login.json in Resources */ = {isa = PBXBuildFile; fileRef = 520DD4341A1BBE66004EBE2B /* login.json */; };
		520DD4371A1BBED9004EBE2B /* loginConfirmation.json in Resources */ = {isa = PBXBuildFile; fileRef = 520DD4361A1BBED9004EBE2B /* loginConfirmation.json */; };
		520DD4391A1BBEF2004EBE2B /* allactivities.json in Resources */ = {isa = PBXBuildFile; fileRef = 520DD4381A1BBEF2004EBE2B /* allactivities.json */; };
		520DD43B1A1BBF08004EBE2B /* newActivity.json in Resources */ = {isa = PBXBuildFile; fileRef = 520DD43A1A1BBF08004EBE2B /* newActivity.json */; };
		520DD43D1A1BDB48004EBE2B /* activity.json in Resources */ = {isa = PBXBuildFile; fileRef = 520DD43C1A1BDB48004EBE2B /* activity.json */; };
		52BB30991A1D1351009040C4 /* AttendeeTableViewCell.m in Sources */ = {isa = PBXBuildFile; fileRef = 52BB30971A1D1351009040C4 /* AttendeeTableViewCell.m */; };
		52BB309A1A1D1351009040C4 /* AttendeeTableViewCell.xib in Resources */ = {isa = PBXBuildFile; fileRef = 52BB30981A1D1351009040C4 /* AttendeeTableViewCell.xib */; };
		52BB309D1A1D1837009040C4 /* Attendee.m in Sources */ = {isa = PBXBuildFile; fileRef = 52BB309C1A1D1837009040C4 /* Attendee.m */; };
		52BB30A21A1D678E009040C4 /* InviteeTableViewCell.m in Sources */ = {isa = PBXBuildFile; fileRef = 52BB30A01A1D678E009040C4 /* InviteeTableViewCell.m */; };
		52BB30A31A1D678E009040C4 /* InviteeTableViewCell.xib in Resources */ = {isa = PBXBuildFile; fileRef = 52BB30A11A1D678E009040C4 /* InviteeTableViewCell.xib */; };
		52FFCCB51A1A795F00745607 /* main.m in Sources */ = {isa = PBXBuildFile; fileRef = 52FFCCB41A1A795F00745607 /* main.m */; };
		52FFCCB81A1A795F00745607 /* AppDelegate.m in Sources */ = {isa = PBXBuildFile; fileRef = 52FFCCB71A1A795F00745607 /* AppDelegate.m */; };
		52FFCCC11A1A795F00745607 /* Main.storyboard in Resources */ = {isa = PBXBuildFile; fileRef = 52FFCCBF1A1A795F00745607 /* Main.storyboard */; };
		52FFCCC31A1A795F00745607 /* Images.xcassets in Resources */ = {isa = PBXBuildFile; fileRef = 52FFCCC21A1A795F00745607 /* Images.xcassets */; };
		52FFCCC61A1A795F00745607 /* LaunchScreen.xib in Resources */ = {isa = PBXBuildFile; fileRef = 52FFCCC41A1A795F00745607 /* LaunchScreen.xib */; };
		52FFCCD21A1A795F00745607 /* I_m_InTests.m in Sources */ = {isa = PBXBuildFile; fileRef = 52FFCCD11A1A795F00745607 /* I_m_InTests.m */; };
		52FFCCE31A1A978300745607 /* NetworkController.m in Sources */ = {isa = PBXBuildFile; fileRef = 52FFCCE21A1A978300745607 /* NetworkController.m */; };
		52FFCCE71A1AA8FE00745607 /* ActivityTableViewCell.m in Sources */ = {isa = PBXBuildFile; fileRef = 52FFCCE51A1AA8FE00745607 /* ActivityTableViewCell.m */; };
		52FFCCE81A1AA8FE00745607 /* ActivityTableViewCell.xib in Resources */ = {isa = PBXBuildFile; fileRef = 52FFCCE61A1AA8FE00745607 /* ActivityTableViewCell.xib */; };
		52FFCCEC1A1AAE1000745607 /* activity.jpeg in Resources */ = {isa = PBXBuildFile; fileRef = 52FFCCEB1A1AAE1000745607 /* activity.jpeg */; };
		52FFCCEF1A1AAEEA00745607 /* Activity.m in Sources */ = {isa = PBXBuildFile; fileRef = 52FFCCEE1A1AAEEA00745607 /* Activity.m */; };
		D515DED01A1E7E5B00B1F400 /* AYVibrantButton.m in Sources */ = {isa = PBXBuildFile; fileRef = D515DECF1A1E7E5B00B1F400 /* AYVibrantButton.m */; };
		D515DED51A1EA02900B1F400 /* road-trip-ftr_Fotor.jpg in Resources */ = {isa = PBXBuildFile; fileRef = D515DED41A1EA02900B1F400 /* road-trip-ftr_Fotor.jpg */; };
		D515DED91A1EA40700B1F400 /* unsplash_52c319226cefb_1.jpeg in Resources */ = {isa = PBXBuildFile; fileRef = D515DED81A1EA40700B1F400 /* unsplash_52c319226cefb_1.jpeg */; };
		D515DEDB1A1EAD7700B1F400 /* unsplash_52c319226cefb_1_Fotor 2.jpg in Resources */ = {isa = PBXBuildFile; fileRef = D515DEDA1A1EAD7700B1F400 /* unsplash_52c319226cefb_1_Fotor 2.jpg */; };
		D519DF131A1A7F980076EE0E /* MenuViewController.m in Sources */ = {isa = PBXBuildFile; fileRef = D519DF121A1A7F980076EE0E /* MenuViewController.m */; };
		D519DF4E1A1A88CA0076EE0E /* concert.png in Resources */ = {isa = PBXBuildFile; fileRef = D519DF4D1A1A88CA0076EE0E /* concert.png */; };
		D519DF511A1A90500076EE0E /* SignUpViewController.m in Sources */ = {isa = PBXBuildFile; fileRef = D519DF501A1A90500076EE0E /* SignUpViewController.m */; };
		D519DF541A1A90610076EE0E /* LoginViewController.m in Sources */ = {isa = PBXBuildFile; fileRef = D519DF531A1A90610076EE0E /* LoginViewController.m */; };
		D519DF571A1A908E0076EE0E /* ActivityTabViewController.m in Sources */ = {isa = PBXBuildFile; fileRef = D519DF561A1A908E0076EE0E /* ActivityTabViewController.m */; };
		D519DF5A1A1A909D0076EE0E /* ProfileTabViewController.m in Sources */ = {isa = PBXBuildFile; fileRef = D519DF591A1A909D0076EE0E /* ProfileTabViewController.m */; };
		D519DF5D1A1A90B10076EE0E /* NewActivityViewController.m in Sources */ = {isa = PBXBuildFile; fileRef = D519DF5C1A1A90B10076EE0E /* NewActivityViewController.m */; };
		D519DF601A1A90C30076EE0E /* ViewActivityViewController.m in Sources */ = {isa = PBXBuildFile; fileRef = D519DF5F1A1A90C30076EE0E /* ViewActivityViewController.m */; };
		D58655F31A1D068800736DFC /* waterPeople.jpeg in Resources */ = {isa = PBXBuildFile; fileRef = D58655F21A1D068800736DFC /* waterPeople.jpeg */; };
		D5FB0E311A1E6BC000B12F22 /* Shree714.ttc in Resources */ = {isa = PBXBuildFile; fileRef = D5FB0E301A1E6BA800B12F22 /* Shree714.ttc */; };
/* End PBXBuildFile section */

/* Begin PBXContainerItemProxy section */
		52FFCCCC1A1A795F00745607 /* PBXContainerItemProxy */ = {
			isa = PBXContainerItemProxy;
			containerPortal = 52FFCCA71A1A795F00745607 /* Project object */;
			proxyType = 1;
			remoteGlobalIDString = 52FFCCAE1A1A795F00745607;
			remoteInfo = "I'm In";
		};
/* End PBXContainerItemProxy section */

/* Begin PBXFileReference section */
		520DD4321A1BBE4F004EBE2B /* signup.json */ = {isa = PBXFileReference; fileEncoding = 4; lastKnownFileType = text.json; name = signup.json; path = "I'm In/signup.json"; sourceTree = "<group>"; };
		520DD4341A1BBE66004EBE2B /* login.json */ = {isa = PBXFileReference; fileEncoding = 4; lastKnownFileType = text.json; name = login.json; path = "I'm In/login.json"; sourceTree = "<group>"; };
		520DD4361A1BBED9004EBE2B /* loginConfirmation.json */ = {isa = PBXFileReference; fileEncoding = 4; lastKnownFileType = text.json; name = loginConfirmation.json; path = "I'm In/loginConfirmation.json"; sourceTree = "<group>"; };
		520DD4381A1BBEF2004EBE2B /* allactivities.json */ = {isa = PBXFileReference; fileEncoding = 4; lastKnownFileType = text.json; name = allactivities.json; path = "I'm In/allactivities.json"; sourceTree = "<group>"; };
		520DD43A1A1BBF08004EBE2B /* newActivity.json */ = {isa = PBXFileReference; fileEncoding = 4; lastKnownFileType = text.json; name = newActivity.json; path = "I'm In/newActivity.json"; sourceTree = "<group>"; };
		520DD43C1A1BDB48004EBE2B /* activity.json */ = {isa = PBXFileReference; fileEncoding = 4; lastKnownFileType = text.json; path = activity.json; sourceTree = "<group>"; };
		52BB30961A1D1351009040C4 /* AttendeeTableViewCell.h */ = {isa = PBXFileReference; fileEncoding = 4; lastKnownFileType = sourcecode.c.h; path = AttendeeTableViewCell.h; sourceTree = "<group>"; };
		52BB30971A1D1351009040C4 /* AttendeeTableViewCell.m */ = {isa = PBXFileReference; fileEncoding = 4; lastKnownFileType = sourcecode.c.objc; path = AttendeeTableViewCell.m; sourceTree = "<group>"; };
		52BB30981A1D1351009040C4 /* AttendeeTableViewCell.xib */ = {isa = PBXFileReference; fileEncoding = 4; lastKnownFileType = file.xib; path = AttendeeTableViewCell.xib; sourceTree = "<group>"; };
		52BB309B1A1D1837009040C4 /* Attendee.h */ = {isa = PBXFileReference; fileEncoding = 4; lastKnownFileType = sourcecode.c.h; path = Attendee.h; sourceTree = "<group>"; };
		52BB309C1A1D1837009040C4 /* Attendee.m */ = {isa = PBXFileReference; fileEncoding = 4; lastKnownFileType = sourcecode.c.objc; path = Attendee.m; sourceTree = "<group>"; };
		52BB309F1A1D678E009040C4 /* InviteeTableViewCell.h */ = {isa = PBXFileReference; fileEncoding = 4; lastKnownFileType = sourcecode.c.h; path = InviteeTableViewCell.h; sourceTree = "<group>"; };
		52BB30A01A1D678E009040C4 /* InviteeTableViewCell.m */ = {isa = PBXFileReference; fileEncoding = 4; lastKnownFileType = sourcecode.c.objc; path = InviteeTableViewCell.m; sourceTree = "<group>"; };
		52BB30A11A1D678E009040C4 /* InviteeTableViewCell.xib */ = {isa = PBXFileReference; fileEncoding = 4; lastKnownFileType = file.xib; path = InviteeTableViewCell.xib; sourceTree = "<group>"; };
		52FFCCAF1A1A795F00745607 /* I'm In.app */ = {isa = PBXFileReference; explicitFileType = wrapper.application; includeInIndex = 0; path = "I'm In.app"; sourceTree = BUILT_PRODUCTS_DIR; };
		52FFCCB31A1A795F00745607 /* Info.plist */ = {isa = PBXFileReference; lastKnownFileType = text.plist.xml; path = Info.plist; sourceTree = "<group>"; };
		52FFCCB41A1A795F00745607 /* main.m */ = {isa = PBXFileReference; lastKnownFileType = sourcecode.c.objc; path = main.m; sourceTree = "<group>"; };
		52FFCCB61A1A795F00745607 /* AppDelegate.h */ = {isa = PBXFileReference; lastKnownFileType = sourcecode.c.h; name = AppDelegate.h; path = "I'm In/AppDelegate.h"; sourceTree = "<group>"; };
		52FFCCB71A1A795F00745607 /* AppDelegate.m */ = {isa = PBXFileReference; lastKnownFileType = sourcecode.c.objc; name = AppDelegate.m; path = "I'm In/AppDelegate.m"; sourceTree = "<group>"; };
		52FFCCC01A1A795F00745607 /* Base */ = {isa = PBXFileReference; lastKnownFileType = file.storyboard; name = Base; path = Base.lproj/Main.storyboard; sourceTree = "<group>"; };
		52FFCCC21A1A795F00745607 /* Images.xcassets */ = {isa = PBXFileReference; lastKnownFileType = folder.assetcatalog; path = Images.xcassets; sourceTree = "<group>"; };
		52FFCCC51A1A795F00745607 /* Base */ = {isa = PBXFileReference; lastKnownFileType = file.xib; name = Base; path = Base.lproj/LaunchScreen.xib; sourceTree = "<group>"; };
		52FFCCCB1A1A795F00745607 /* I'm InTests.xctest */ = {isa = PBXFileReference; explicitFileType = wrapper.cfbundle; includeInIndex = 0; path = "I'm InTests.xctest"; sourceTree = BUILT_PRODUCTS_DIR; };
		52FFCCD01A1A795F00745607 /* Info.plist */ = {isa = PBXFileReference; lastKnownFileType = text.plist.xml; path = Info.plist; sourceTree = "<group>"; };
		52FFCCD11A1A795F00745607 /* I_m_InTests.m */ = {isa = PBXFileReference; lastKnownFileType = sourcecode.c.objc; path = I_m_InTests.m; sourceTree = "<group>"; };
		52FFCCE11A1A978300745607 /* NetworkController.h */ = {isa = PBXFileReference; fileEncoding = 4; lastKnownFileType = sourcecode.c.h; path = NetworkController.h; sourceTree = "<group>"; };
		52FFCCE21A1A978300745607 /* NetworkController.m */ = {isa = PBXFileReference; fileEncoding = 4; lastKnownFileType = sourcecode.c.objc; path = NetworkController.m; sourceTree = "<group>"; };
		52FFCCE41A1AA8FE00745607 /* ActivityTableViewCell.h */ = {isa = PBXFileReference; fileEncoding = 4; lastKnownFileType = sourcecode.c.h; path = ActivityTableViewCell.h; sourceTree = "<group>"; };
		52FFCCE51A1AA8FE00745607 /* ActivityTableViewCell.m */ = {isa = PBXFileReference; fileEncoding = 4; lastKnownFileType = sourcecode.c.objc; path = ActivityTableViewCell.m; sourceTree = "<group>"; };
		52FFCCE61A1AA8FE00745607 /* ActivityTableViewCell.xib */ = {isa = PBXFileReference; fileEncoding = 4; lastKnownFileType = file.xib; path = ActivityTableViewCell.xib; sourceTree = "<group>"; };
		52FFCCEB1A1AAE1000745607 /* activity.jpeg */ = {isa = PBXFileReference; lastKnownFileType = image.jpeg; path = activity.jpeg; sourceTree = "<group>"; };
		52FFCCED1A1AAEEA00745607 /* Activity.h */ = {isa = PBXFileReference; fileEncoding = 4; lastKnownFileType = sourcecode.c.h; path = Activity.h; sourceTree = "<group>"; };
		52FFCCEE1A1AAEEA00745607 /* Activity.m */ = {isa = PBXFileReference; fileEncoding = 4; lastKnownFileType = sourcecode.c.objc; path = Activity.m; sourceTree = "<group>"; };
		52FFCCF31A1ACB3100745607 /* Constant.h */ = {isa = PBXFileReference; lastKnownFileType = sourcecode.c.h; path = Constant.h; sourceTree = "<group>"; };
		D515DECF1A1E7E5B00B1F400 /* AYVibrantButton.m */ = {isa = PBXFileReference; fileEncoding = 4; lastKnownFileType = sourcecode.c.objc; path = AYVibrantButton.m; sourceTree = "<group>"; };
		D515DED11A1E7E6400B1F400 /* AYVibrantButton.h */ = {isa = PBXFileReference; lastKnownFileType = sourcecode.c.h; path = AYVibrantButton.h; sourceTree = "<group>"; };
		D515DED41A1EA02900B1F400 /* road-trip-ftr_Fotor.jpg */ = {isa = PBXFileReference; lastKnownFileType = image.jpeg; path = "road-trip-ftr_Fotor.jpg"; sourceTree = "<group>"; };
		D515DED81A1EA40700B1F400 /* unsplash_52c319226cefb_1.jpeg */ = {isa = PBXFileReference; lastKnownFileType = image.jpeg; path = unsplash_52c319226cefb_1.jpeg; sourceTree = "<group>"; };
		D515DEDA1A1EAD7700B1F400 /* unsplash_52c319226cefb_1_Fotor 2.jpg */ = {isa = PBXFileReference; lastKnownFileType = image.jpeg; path = "unsplash_52c319226cefb_1_Fotor 2.jpg"; sourceTree = "<group>"; };
		D519DF111A1A7F980076EE0E /* MenuViewController.h */ = {isa = PBXFileReference; fileEncoding = 4; lastKnownFileType = sourcecode.c.h; path = MenuViewController.h; sourceTree = "<group>"; };
		D519DF121A1A7F980076EE0E /* MenuViewController.m */ = {isa = PBXFileReference; fileEncoding = 4; lastKnownFileType = sourcecode.c.objc; path = MenuViewController.m; sourceTree = "<group>"; };
		D519DF4D1A1A88CA0076EE0E /* concert.png */ = {isa = PBXFileReference; lastKnownFileType = image.png; path = concert.png; sourceTree = "<group>"; };
		D519DF4F1A1A90500076EE0E /* SignUpViewController.h */ = {isa = PBXFileReference; fileEncoding = 4; lastKnownFileType = sourcecode.c.h; path = SignUpViewController.h; sourceTree = "<group>"; };
		D519DF501A1A90500076EE0E /* SignUpViewController.m */ = {isa = PBXFileReference; fileEncoding = 4; lastKnownFileType = sourcecode.c.objc; path = SignUpViewController.m; sourceTree = "<group>"; };
		D519DF521A1A90610076EE0E /* LoginViewController.h */ = {isa = PBXFileReference; fileEncoding = 4; lastKnownFileType = sourcecode.c.h; path = LoginViewController.h; sourceTree = "<group>"; };
		D519DF531A1A90610076EE0E /* LoginViewController.m */ = {isa = PBXFileReference; fileEncoding = 4; lastKnownFileType = sourcecode.c.objc; path = LoginViewController.m; sourceTree = "<group>"; };
		D519DF551A1A908E0076EE0E /* ActivityTabViewController.h */ = {isa = PBXFileReference; fileEncoding = 4; lastKnownFileType = sourcecode.c.h; path = ActivityTabViewController.h; sourceTree = "<group>"; };
		D519DF561A1A908E0076EE0E /* ActivityTabViewController.m */ = {isa = PBXFileReference; fileEncoding = 4; lastKnownFileType = sourcecode.c.objc; path = ActivityTabViewController.m; sourceTree = "<group>"; };
		D519DF581A1A909D0076EE0E /* ProfileTabViewController.h */ = {isa = PBXFileReference; fileEncoding = 4; lastKnownFileType = sourcecode.c.h; path = ProfileTabViewController.h; sourceTree = "<group>"; };
		D519DF591A1A909D0076EE0E /* ProfileTabViewController.m */ = {isa = PBXFileReference; fileEncoding = 4; lastKnownFileType = sourcecode.c.objc; path = ProfileTabViewController.m; sourceTree = "<group>"; };
		D519DF5B1A1A90B10076EE0E /* NewActivityViewController.h */ = {isa = PBXFileReference; fileEncoding = 4; lastKnownFileType = sourcecode.c.h; path = NewActivityViewController.h; sourceTree = "<group>"; };
		D519DF5C1A1A90B10076EE0E /* NewActivityViewController.m */ = {isa = PBXFileReference; fileEncoding = 4; lastKnownFileType = sourcecode.c.objc; path = NewActivityViewController.m; sourceTree = "<group>"; };
		D519DF5E1A1A90C30076EE0E /* ViewActivityViewController.h */ = {isa = PBXFileReference; fileEncoding = 4; lastKnownFileType = sourcecode.c.h; path = ViewActivityViewController.h; sourceTree = "<group>"; };
		D519DF5F1A1A90C30076EE0E /* ViewActivityViewController.m */ = {isa = PBXFileReference; fileEncoding = 4; lastKnownFileType = sourcecode.c.objc; path = ViewActivityViewController.m; sourceTree = "<group>"; };
		D58655F21A1D068800736DFC /* waterPeople.jpeg */ = {isa = PBXFileReference; lastKnownFileType = image.jpeg; path = waterPeople.jpeg; sourceTree = "<group>"; };
		D5FB0E301A1E6BA800B12F22 /* Shree714.ttc */ = {isa = PBXFileReference; lastKnownFileType = file; path = Shree714.ttc; sourceTree = "<group>"; };
/* End PBXFileReference section */

/* Begin PBXFrameworksBuildPhase section */
		52FFCCAC1A1A795F00745607 /* Frameworks */ = {
			isa = PBXFrameworksBuildPhase;
			buildActionMask = 2147483647;
			files = (
			);
			runOnlyForDeploymentPostprocessing = 0;
		};
		52FFCCC81A1A795F00745607 /* Frameworks */ = {
			isa = PBXFrameworksBuildPhase;
			buildActionMask = 2147483647;
			files = (
			);
			runOnlyForDeploymentPostprocessing = 0;
		};
/* End PBXFrameworksBuildPhase section */

/* Begin PBXGroup section */
		52FFCCA61A1A795F00745607 = {
			isa = PBXGroup;
			children = (
				52FFCCB11A1A795F00745607 /* I'm In */,
				52FFCCCE1A1A795F00745607 /* I'm InTests */,
				52FFCCB01A1A795F00745607 /* Products */,
			);
			sourceTree = "<group>";
		};
		52FFCCB01A1A795F00745607 /* Products */ = {
			isa = PBXGroup;
			children = (
				52FFCCAF1A1A795F00745607 /* I'm In.app */,
				52FFCCCB1A1A795F00745607 /* I'm InTests.xctest */,
			);
			name = Products;
			sourceTree = "<group>";
		};
		52FFCCB11A1A795F00745607 /* I'm In */ = {
			isa = PBXGroup;
			children = (
				D519DF0F1A1A7F420076EE0E /* Model Layer */,
				D519DF0E1A1A7F370076EE0E /* Controller Layer */,
				D519DF101A1A7F480076EE0E /* View Layer */,
				52FFCCB21A1A795F00745607 /* Supporting Files */,
			);
			path = "I'm In";
			sourceTree = "<group>";
		};
		52FFCCB21A1A795F00745607 /* Supporting Files */ = {
			isa = PBXGroup;
			children = (
				D515DEDA1A1EAD7700B1F400 /* unsplash_52c319226cefb_1_Fotor 2.jpg */,
				D515DED81A1EA40700B1F400 /* unsplash_52c319226cefb_1.jpeg */,
				D515DED41A1EA02900B1F400 /* road-trip-ftr_Fotor.jpg */,
				D5FB0E301A1E6BA800B12F22 /* Shree714.ttc */,
				D58655F21A1D068800736DFC /* waterPeople.jpeg */,
				52FFCCEB1A1AAE1000745607 /* activity.jpeg */,
				52FFCCC21A1A795F00745607 /* Images.xcassets */,
				52FFCCB31A1A795F00745607 /* Info.plist */,
				52FFCCB41A1A795F00745607 /* main.m */,
			);
			name = "Supporting Files";
			sourceTree = "<group>";
		};
		52FFCCCE1A1A795F00745607 /* I'm InTests */ = {
			isa = PBXGroup;
			children = (
				52FFCCD11A1A795F00745607 /* I_m_InTests.m */,
				52FFCCCF1A1A795F00745607 /* Supporting Files */,
			);
			path = "I'm InTests";
			sourceTree = "<group>";
		};
		52FFCCCF1A1A795F00745607 /* Supporting Files */ = {
			isa = PBXGroup;
			children = (
				D519DF4D1A1A88CA0076EE0E /* concert.png */,
				52FFCCD01A1A795F00745607 /* Info.plist */,
			);
			name = "Supporting Files";
			sourceTree = "<group>";
		};
		D519DF0E1A1A7F370076EE0E /* Controller Layer */ = {
			isa = PBXGroup;
			children = (
				52FFCCE11A1A978300745607 /* NetworkController.h */,
				52FFCCE21A1A978300745607 /* NetworkController.m */,
				D519DF111A1A7F980076EE0E /* MenuViewController.h */,
				D519DF121A1A7F980076EE0E /* MenuViewController.m */,
				D519DF4F1A1A90500076EE0E /* SignUpViewController.h */,
				D519DF501A1A90500076EE0E /* SignUpViewController.m */,
				D519DF521A1A90610076EE0E /* LoginViewController.h */,
				D519DF531A1A90610076EE0E /* LoginViewController.m */,
				D519DF551A1A908E0076EE0E /* ActivityTabViewController.h */,
				D519DF561A1A908E0076EE0E /* ActivityTabViewController.m */,
				D519DF581A1A909D0076EE0E /* ProfileTabViewController.h */,
				D519DF591A1A909D0076EE0E /* ProfileTabViewController.m */,
				D519DF5B1A1A90B10076EE0E /* NewActivityViewController.h */,
				D519DF5C1A1A90B10076EE0E /* NewActivityViewController.m */,
				D519DF5E1A1A90C30076EE0E /* ViewActivityViewController.h */,
				D519DF5F1A1A90C30076EE0E /* ViewActivityViewController.m */,
			);
			name = "Controller Layer";
			path = ..;
			sourceTree = "<group>";
		};
		D519DF0F1A1A7F420076EE0E /* Model Layer */ = {
			isa = PBXGroup;
			children = (
				52FFCCF31A1ACB3100745607 /* Constant.h */,
				520DD43C1A1BDB48004EBE2B /* activity.json */,
				520DD4321A1BBE4F004EBE2B /* signup.json */,
				520DD4341A1BBE66004EBE2B /* login.json */,
				520DD4361A1BBED9004EBE2B /* loginConfirmation.json */,
				520DD4381A1BBEF2004EBE2B /* allactivities.json */,
				520DD43A1A1BBF08004EBE2B /* newActivity.json */,
				52FFCCB61A1A795F00745607 /* AppDelegate.h */,
				52FFCCB71A1A795F00745607 /* AppDelegate.m */,
				52FFCCED1A1AAEEA00745607 /* Activity.h */,
				52FFCCEE1A1AAEEA00745607 /* Activity.m */,
				52BB309B1A1D1837009040C4 /* Attendee.h */,
				52BB309C1A1D1837009040C4 /* Attendee.m */,
			);
			name = "Model Layer";
			path = ..;
			sourceTree = "<group>";
		};
		D519DF101A1A7F480076EE0E /* View Layer */ = {
			isa = PBXGroup;
			children = (
				52FFCCBF1A1A795F00745607 /* Main.storyboard */,
				D515DED11A1E7E6400B1F400 /* AYVibrantButton.h */,
				D515DECF1A1E7E5B00B1F400 /* AYVibrantButton.m */,
				52FFCCE41A1AA8FE00745607 /* ActivityTableViewCell.h */,
				52FFCCE51A1AA8FE00745607 /* ActivityTableViewCell.m */,
				52FFCCE61A1AA8FE00745607 /* ActivityTableViewCell.xib */,
				52FFCCC41A1A795F00745607 /* LaunchScreen.xib */,
				52BB309F1A1D678E009040C4 /* InviteeTableViewCell.h */,
				52BB30A01A1D678E009040C4 /* InviteeTableViewCell.m */,
				52BB30A11A1D678E009040C4 /* InviteeTableViewCell.xib */,
				52BB30961A1D1351009040C4 /* AttendeeTableViewCell.h */,
				52BB30971A1D1351009040C4 /* AttendeeTableViewCell.m */,
				52BB30981A1D1351009040C4 /* AttendeeTableViewCell.xib */,
			);
			name = "View Layer";
			path = ..;
			sourceTree = "<group>";
		};
/* End PBXGroup section */

/* Begin PBXNativeTarget section */
		52FFCCAE1A1A795F00745607 /* I'm In */ = {
			isa = PBXNativeTarget;
			buildConfigurationList = 52FFCCD51A1A795F00745607 /* Build configuration list for PBXNativeTarget "I'm In" */;
			buildPhases = (
				52FFCCAB1A1A795F00745607 /* Sources */,
				52FFCCAC1A1A795F00745607 /* Frameworks */,
				52FFCCAD1A1A795F00745607 /* Resources */,
			);
			buildRules = (
			);
			dependencies = (
			);
			name = "I'm In";
			productName = "I'm In";
			productReference = 52FFCCAF1A1A795F00745607 /* I'm In.app */;
			productType = "com.apple.product-type.application";
		};
		52FFCCCA1A1A795F00745607 /* I'm InTests */ = {
			isa = PBXNativeTarget;
			buildConfigurationList = 52FFCCD81A1A795F00745607 /* Build configuration list for PBXNativeTarget "I'm InTests" */;
			buildPhases = (
				52FFCCC71A1A795F00745607 /* Sources */,
				52FFCCC81A1A795F00745607 /* Frameworks */,
				52FFCCC91A1A795F00745607 /* Resources */,
			);
			buildRules = (
			);
			dependencies = (
				52FFCCCD1A1A795F00745607 /* PBXTargetDependency */,
			);
			name = "I'm InTests";
			productName = "I'm InTests";
			productReference = 52FFCCCB1A1A795F00745607 /* I'm InTests.xctest */;
			productType = "com.apple.product-type.bundle.unit-test";
		};
/* End PBXNativeTarget section */

/* Begin PBXProject section */
		52FFCCA71A1A795F00745607 /* Project object */ = {
			isa = PBXProject;
			attributes = {
				LastUpgradeCheck = 0610;
				ORGANIZATIONNAME = "Code Fellows";
				TargetAttributes = {
					52FFCCAE1A1A795F00745607 = {
						CreatedOnToolsVersion = 6.1;
					};
					52FFCCCA1A1A795F00745607 = {
						CreatedOnToolsVersion = 6.1;
						TestTargetID = 52FFCCAE1A1A795F00745607;
					};
				};
			};
			buildConfigurationList = 52FFCCAA1A1A795F00745607 /* Build configuration list for PBXProject "I'm In" */;
			compatibilityVersion = "Xcode 3.2";
			developmentRegion = English;
			hasScannedForEncodings = 0;
			knownRegions = (
				en,
				Base,
			);
			mainGroup = 52FFCCA61A1A795F00745607;
			productRefGroup = 52FFCCB01A1A795F00745607 /* Products */;
			projectDirPath = "";
			projectRoot = "";
			targets = (
				52FFCCAE1A1A795F00745607 /* I'm In */,
				52FFCCCA1A1A795F00745607 /* I'm InTests */,
			);
		};
/* End PBXProject section */

/* Begin PBXResourcesBuildPhase section */
		52FFCCAD1A1A795F00745607 /* Resources */ = {
			isa = PBXResourcesBuildPhase;
			buildActionMask = 2147483647;
			files = (
				520DD4371A1BBED9004EBE2B /* loginConfirmation.json in Resources */,
				52FFCCC11A1A795F00745607 /* Main.storyboard in Resources */,
				52FFCCC61A1A795F00745607 /* LaunchScreen.xib in Resources */,
				520DD43B1A1BBF08004EBE2B /* newActivity.json in Resources */,
				D515DEDB1A1EAD7700B1F400 /* unsplash_52c319226cefb_1_Fotor 2.jpg in Resources */,
				52BB30A31A1D678E009040C4 /* InviteeTableViewCell.xib in Resources */,
				D58655F31A1D068800736DFC /* waterPeople.jpeg in Resources */,
				D515DED91A1EA40700B1F400 /* unsplash_52c319226cefb_1.jpeg in Resources */,
				52FFCCE81A1AA8FE00745607 /* ActivityTableViewCell.xib in Resources */,
				520DD4331A1BBE4F004EBE2B /* signup.json in Resources */,
				52FFCCEC1A1AAE1000745607 /* activity.jpeg in Resources */,
				D5FB0E311A1E6BC000B12F22 /* Shree714.ttc in Resources */,
				D515DED51A1EA02900B1F400 /* road-trip-ftr_Fotor.jpg in Resources */,
				520DD43D1A1BDB48004EBE2B /* activity.json in Resources */,
				520DD4351A1BBE66004EBE2B /* login.json in Resources */,
				52FFCCC31A1A795F00745607 /* Images.xcassets in Resources */,
				52BB309A1A1D1351009040C4 /* AttendeeTableViewCell.xib in Resources */,
				520DD4391A1BBEF2004EBE2B /* allactivities.json in Resources */,
			);
			runOnlyForDeploymentPostprocessing = 0;
		};
		52FFCCC91A1A795F00745607 /* Resources */ = {
			isa = PBXResourcesBuildPhase;
			buildActionMask = 2147483647;
			files = (
				D519DF4E1A1A88CA0076EE0E /* concert.png in Resources */,
			);
			runOnlyForDeploymentPostprocessing = 0;
		};
/* End PBXResourcesBuildPhase section */

/* Begin PBXSourcesBuildPhase section */
		52FFCCAB1A1A795F00745607 /* Sources */ = {
			isa = PBXSourcesBuildPhase;
			buildActionMask = 2147483647;
			files = (
				52FFCCE71A1AA8FE00745607 /* ActivityTableViewCell.m in Sources */,
				52BB309D1A1D1837009040C4 /* Attendee.m in Sources */,
				52BB30A21A1D678E009040C4 /* InviteeTableViewCell.m in Sources */,
				D519DF601A1A90C30076EE0E /* ViewActivityViewController.m in Sources */,
				52FFCCB81A1A795F00745607 /* AppDelegate.m in Sources */,
				D519DF571A1A908E0076EE0E /* ActivityTabViewController.m in Sources */,
				D519DF131A1A7F980076EE0E /* MenuViewController.m in Sources */,
				52FFCCE31A1A978300745607 /* NetworkController.m in Sources */,
				D515DED01A1E7E5B00B1F400 /* AYVibrantButton.m in Sources */,
				D519DF511A1A90500076EE0E /* SignUpViewController.m in Sources */,
				D519DF5D1A1A90B10076EE0E /* NewActivityViewController.m in Sources */,
				52FFCCB51A1A795F00745607 /* main.m in Sources */,
				52BB30991A1D1351009040C4 /* AttendeeTableViewCell.m in Sources */,
				D519DF541A1A90610076EE0E /* LoginViewController.m in Sources */,
				52FFCCEF1A1AAEEA00745607 /* Activity.m in Sources */,
				D519DF5A1A1A909D0076EE0E /* ProfileTabViewController.m in Sources */,
			);
			runOnlyForDeploymentPostprocessing = 0;
		};
		52FFCCC71A1A795F00745607 /* Sources */ = {
			isa = PBXSourcesBuildPhase;
			buildActionMask = 2147483647;
			files = (
				52FFCCD21A1A795F00745607 /* I_m_InTests.m in Sources */,
			);
			runOnlyForDeploymentPostprocessing = 0;
		};
/* End PBXSourcesBuildPhase section */

/* Begin PBXTargetDependency section */
		52FFCCCD1A1A795F00745607 /* PBXTargetDependency */ = {
			isa = PBXTargetDependency;
			target = 52FFCCAE1A1A795F00745607 /* I'm In */;
			targetProxy = 52FFCCCC1A1A795F00745607 /* PBXContainerItemProxy */;
		};
/* End PBXTargetDependency section */

/* Begin PBXVariantGroup section */
		52FFCCBF1A1A795F00745607 /* Main.storyboard */ = {
			isa = PBXVariantGroup;
			children = (
				52FFCCC01A1A795F00745607 /* Base */,
			);
			name = Main.storyboard;
			path = "I'm In";
			sourceTree = "<group>";
		};
		52FFCCC41A1A795F00745607 /* LaunchScreen.xib */ = {
			isa = PBXVariantGroup;
			children = (
				52FFCCC51A1A795F00745607 /* Base */,
			);
			name = LaunchScreen.xib;
			path = "I'm In";
			sourceTree = "<group>";
		};
/* End PBXVariantGroup section */

/* Begin XCBuildConfiguration section */
		52FFCCD31A1A795F00745607 /* Debug */ = {
			isa = XCBuildConfiguration;
			buildSettings = {
				ALWAYS_SEARCH_USER_PATHS = NO;
				CLANG_CXX_LANGUAGE_STANDARD = "gnu++0x";
				CLANG_CXX_LIBRARY = "libc++";
				CLANG_ENABLE_MODULES = YES;
				CLANG_ENABLE_OBJC_ARC = YES;
				CLANG_WARN_BOOL_CONVERSION = YES;
				CLANG_WARN_CONSTANT_CONVERSION = YES;
				CLANG_WARN_DIRECT_OBJC_ISA_USAGE = YES_ERROR;
				CLANG_WARN_EMPTY_BODY = YES;
				CLANG_WARN_ENUM_CONVERSION = YES;
				CLANG_WARN_INT_CONVERSION = YES;
				CLANG_WARN_OBJC_ROOT_CLASS = YES_ERROR;
				CLANG_WARN_UNREACHABLE_CODE = YES;
				CLANG_WARN__DUPLICATE_METHOD_MATCH = YES;
				"CODE_SIGN_IDENTITY[sdk=iphoneos*]" = "iPhone Developer";
				COPY_PHASE_STRIP = NO;
				ENABLE_STRICT_OBJC_MSGSEND = YES;
				GCC_C_LANGUAGE_STANDARD = gnu99;
				GCC_DYNAMIC_NO_PIC = NO;
				GCC_OPTIMIZATION_LEVEL = 0;
				GCC_PREPROCESSOR_DEFINITIONS = (
					"DEBUG=1",
					"$(inherited)",
				);
				GCC_SYMBOLS_PRIVATE_EXTERN = NO;
				GCC_WARN_64_TO_32_BIT_CONVERSION = YES;
				GCC_WARN_ABOUT_RETURN_TYPE = YES_ERROR;
				GCC_WARN_UNDECLARED_SELECTOR = YES;
				GCC_WARN_UNINITIALIZED_AUTOS = YES_AGGRESSIVE;
				GCC_WARN_UNUSED_FUNCTION = YES;
				GCC_WARN_UNUSED_VARIABLE = YES;
				IPHONEOS_DEPLOYMENT_TARGET = 8.1;
				MTL_ENABLE_DEBUG_INFO = YES;
				ONLY_ACTIVE_ARCH = YES;
				SDKROOT = iphoneos;
			};
			name = Debug;
		};
		52FFCCD41A1A795F00745607 /* Release */ = {
			isa = XCBuildConfiguration;
			buildSettings = {
				ALWAYS_SEARCH_USER_PATHS = NO;
				CLANG_CXX_LANGUAGE_STANDARD = "gnu++0x";
				CLANG_CXX_LIBRARY = "libc++";
				CLANG_ENABLE_MODULES = YES;
				CLANG_ENABLE_OBJC_ARC = YES;
				CLANG_WARN_BOOL_CONVERSION = YES;
				CLANG_WARN_CONSTANT_CONVERSION = YES;
				CLANG_WARN_DIRECT_OBJC_ISA_USAGE = YES_ERROR;
				CLANG_WARN_EMPTY_BODY = YES;
				CLANG_WARN_ENUM_CONVERSION = YES;
				CLANG_WARN_INT_CONVERSION = YES;
				CLANG_WARN_OBJC_ROOT_CLASS = YES_ERROR;
				CLANG_WARN_UNREACHABLE_CODE = YES;
				CLANG_WARN__DUPLICATE_METHOD_MATCH = YES;
				"CODE_SIGN_IDENTITY[sdk=iphoneos*]" = "iPhone Developer";
				COPY_PHASE_STRIP = YES;
				ENABLE_NS_ASSERTIONS = NO;
				ENABLE_STRICT_OBJC_MSGSEND = YES;
				GCC_C_LANGUAGE_STANDARD = gnu99;
				GCC_WARN_64_TO_32_BIT_CONVERSION = YES;
				GCC_WARN_ABOUT_RETURN_TYPE = YES_ERROR;
				GCC_WARN_UNDECLARED_SELECTOR = YES;
				GCC_WARN_UNINITIALIZED_AUTOS = YES_AGGRESSIVE;
				GCC_WARN_UNUSED_FUNCTION = YES;
				GCC_WARN_UNUSED_VARIABLE = YES;
				IPHONEOS_DEPLOYMENT_TARGET = 8.1;
				MTL_ENABLE_DEBUG_INFO = NO;
				SDKROOT = iphoneos;
				VALIDATE_PRODUCT = YES;
			};
			name = Release;
		};
		52FFCCD61A1A795F00745607 /* Debug */ = {
			isa = XCBuildConfiguration;
			buildSettings = {
				ASSETCATALOG_COMPILER_APPICON_NAME = AppIcon;
				INFOPLIST_FILE = "I'm In/Info.plist";
				LD_RUNPATH_SEARCH_PATHS = "$(inherited) @executable_path/Frameworks";
				PRODUCT_NAME = "$(TARGET_NAME)";
			};
			name = Debug;
		};
		52FFCCD71A1A795F00745607 /* Release */ = {
			isa = XCBuildConfiguration;
			buildSettings = {
				ASSETCATALOG_COMPILER_APPICON_NAME = AppIcon;
				INFOPLIST_FILE = "I'm In/Info.plist";
				LD_RUNPATH_SEARCH_PATHS = "$(inherited) @executable_path/Frameworks";
				PRODUCT_NAME = "$(TARGET_NAME)";
			};
			name = Release;
		};
		52FFCCD91A1A795F00745607 /* Debug */ = {
			isa = XCBuildConfiguration;
			buildSettings = {
				BUNDLE_LOADER = "$(TEST_HOST)";
				FRAMEWORK_SEARCH_PATHS = (
					"$(SDKROOT)/Developer/Library/Frameworks",
					"$(inherited)",
				);
				GCC_PREPROCESSOR_DEFINITIONS = (
					"DEBUG=1",
					"$(inherited)",
				);
				INFOPLIST_FILE = "I'm InTests/Info.plist";
				LD_RUNPATH_SEARCH_PATHS = "$(inherited) @executable_path/Frameworks @loader_path/Frameworks";
				PRODUCT_NAME = "$(TARGET_NAME)";
				TEST_HOST = "$(BUILT_PRODUCTS_DIR)/I'm In.app/I'm In";
			};
			name = Debug;
		};
		52FFCCDA1A1A795F00745607 /* Release */ = {
			isa = XCBuildConfiguration;
			buildSettings = {
				BUNDLE_LOADER = "$(TEST_HOST)";
				FRAMEWORK_SEARCH_PATHS = (
					"$(SDKROOT)/Developer/Library/Frameworks",
					"$(inherited)",
				);
				INFOPLIST_FILE = "I'm InTests/Info.plist";
				LD_RUNPATH_SEARCH_PATHS = "$(inherited) @executable_path/Frameworks @loader_path/Frameworks";
				PRODUCT_NAME = "$(TARGET_NAME)";
				TEST_HOST = "$(BUILT_PRODUCTS_DIR)/I'm In.app/I'm In";
			};
			name = Release;
		};
/* End XCBuildConfiguration section */

/* Begin XCConfigurationList section */
		52FFCCAA1A1A795F00745607 /* Build configuration list for PBXProject "I'm In" */ = {
			isa = XCConfigurationList;
			buildConfigurations = (
				52FFCCD31A1A795F00745607 /* Debug */,
				52FFCCD41A1A795F00745607 /* Release */,
			);
			defaultConfigurationIsVisible = 0;
			defaultConfigurationName = Release;
		};
		52FFCCD51A1A795F00745607 /* Build configuration list for PBXNativeTarget "I'm In" */ = {
			isa = XCConfigurationList;
			buildConfigurations = (
				52FFCCD61A1A795F00745607 /* Debug */,
				52FFCCD71A1A795F00745607 /* Release */,
			);
			defaultConfigurationIsVisible = 0;
			defaultConfigurationName = Release;
		};
		52FFCCD81A1A795F00745607 /* Build configuration list for PBXNativeTarget "I'm InTests" */ = {
			isa = XCConfigurationList;
			buildConfigurations = (
				52FFCCD91A1A795F00745607 /* Debug */,
				52FFCCDA1A1A795F00745607 /* Release */,
			);
			defaultConfigurationIsVisible = 0;
			defaultConfigurationName = Release;
		};
/* End XCConfigurationList section */
	};
	rootObject = 52FFCCA71A1A795F00745607 /* Project object */;
}
