// !$*UTF8*$!
{
	archiveVersion = 1;
	classes = {
	};
	objectVersion = 46;
	objects = {

/* Begin PBXBuildFile section */
		520DD4331A1BBE4F004EBE2B /* signup.json in Resources */ = {isa = PBXBuildFile; fileRef = 520DD4321A1BBE4F004EBE2B /* signup.json */; };
		520DD4351A1BBE66004EBE2B /* login.json in Resources */ = {isa = PBXBuildFile; fileRef = 520DD4341A1BBE66004EBE2B /* login.json */; };
		520DD4371A1BBED9004EBE2B /* loginConfirmation.json in Resources */ = {isa = PBXBuildFile; fileRef = 520DD4361A1BBED9004EBE2B /* loginConfirmation.json */; };
		520DD4391A1BBEF2004EBE2B /* allactivities.json in Resources */ = {isa = PBXBuildFile; fileRef = 520DD4381A1BBEF2004EBE2B /* allactivities.json */; };
		520DD43B1A1BBF08004EBE2B /* newActivity.json in Resources */ = {isa = PBXBuildFile; fileRef = 520DD43A1A1BBF08004EBE2B /* newActivity.json */; };
		5294BF3D1A1E7C3900E9EA2D /* activity.json in Resources */ = {isa = PBXBuildFile; fileRef = 5294BF381A1E7C3900E9EA2D /* activity.json */; };
		5294BF3E1A1E7C3900E9EA2D /* Activity.m in Sources */ = {isa = PBXBuildFile; fileRef = 5294BF391A1E7C3900E9EA2D /* Activity.m */; };
		5294BF3F1A1E7C3900E9EA2D /* Attendee.m in Sources */ = {isa = PBXBuildFile; fileRef = 5294BF3B1A1E7C3900E9EA2D /* Attendee.m */; };
		5294BF401A1E7C3900E9EA2D /* getAllEvents.json in Resources */ = {isa = PBXBuildFile; fileRef = 5294BF3C1A1E7C3900E9EA2D /* getAllEvents.json */; };
		5294BF511A1E7C7400E9EA2D /* ActivityTabViewController.m in Sources */ = {isa = PBXBuildFile; fileRef = 5294BF421A1E7C7400E9EA2D /* ActivityTabViewController.m */; };
		5294BF521A1E7C7400E9EA2D /* LoginViewController.m in Sources */ = {isa = PBXBuildFile; fileRef = 5294BF441A1E7C7400E9EA2D /* LoginViewController.m */; };
		5294BF531A1E7C7400E9EA2D /* MenuViewController.m in Sources */ = {isa = PBXBuildFile; fileRef = 5294BF461A1E7C7400E9EA2D /* MenuViewController.m */; };
		5294BF541A1E7C7400E9EA2D /* NetworkController.m in Sources */ = {isa = PBXBuildFile; fileRef = 5294BF481A1E7C7400E9EA2D /* NetworkController.m */; };
		5294BF551A1E7C7400E9EA2D /* NewActivityViewController.m in Sources */ = {isa = PBXBuildFile; fileRef = 5294BF4A1A1E7C7400E9EA2D /* NewActivityViewController.m */; };
		5294BF561A1E7C7400E9EA2D /* ProfileTabViewController.m in Sources */ = {isa = PBXBuildFile; fileRef = 5294BF4C1A1E7C7400E9EA2D /* ProfileTabViewController.m */; };
		5294BF571A1E7C7400E9EA2D /* SignUpViewController.m in Sources */ = {isa = PBXBuildFile; fileRef = 5294BF4E1A1E7C7400E9EA2D /* SignUpViewController.m */; };
		5294BF581A1E7C7400E9EA2D /* ViewActivityViewController.m in Sources */ = {isa = PBXBuildFile; fileRef = 5294BF501A1E7C7400E9EA2D /* ViewActivityViewController.m */; };
		5294BF621A1E7C9200E9EA2D /* ActivityTableViewCell.m in Sources */ = {isa = PBXBuildFile; fileRef = 5294BF5A1A1E7C9200E9EA2D /* ActivityTableViewCell.m */; };
		5294BF631A1E7C9200E9EA2D /* ActivityTableViewCell.xib in Resources */ = {isa = PBXBuildFile; fileRef = 5294BF5B1A1E7C9200E9EA2D /* ActivityTableViewCell.xib */; };
		5294BF641A1E7C9200E9EA2D /* AttendeeTableViewCell.m in Sources */ = {isa = PBXBuildFile; fileRef = 5294BF5D1A1E7C9200E9EA2D /* AttendeeTableViewCell.m */; };
		5294BF651A1E7C9200E9EA2D /* AttendeeTableViewCell.xib in Resources */ = {isa = PBXBuildFile; fileRef = 5294BF5E1A1E7C9200E9EA2D /* AttendeeTableViewCell.xib */; };
		52D3D8CD1A1EC01B004B07D9 /* ActivityProtocol.m in Sources */ = {isa = PBXBuildFile; fileRef = 52D3D8CC1A1EC01B004B07D9 /* ActivityProtocol.m */; };
		52FFCCB51A1A795F00745607 /* main.m in Sources */ = {isa = PBXBuildFile; fileRef = 52FFCCB41A1A795F00745607 /* main.m */; };
		52FFCCB81A1A795F00745607 /* AppDelegate.m in Sources */ = {isa = PBXBuildFile; fileRef = 52FFCCB71A1A795F00745607 /* AppDelegate.m */; };
		52FFCCC11A1A795F00745607 /* Main.storyboard in Resources */ = {isa = PBXBuildFile; fileRef = 52FFCCBF1A1A795F00745607 /* Main.storyboard */; };
		52FFCCC31A1A795F00745607 /* Images.xcassets in Resources */ = {isa = PBXBuildFile; fileRef = 52FFCCC21A1A795F00745607 /* Images.xcassets */; };
		52FFCCC61A1A795F00745607 /* LaunchScreen.xib in Resources */ = {isa = PBXBuildFile; fileRef = 52FFCCC41A1A795F00745607 /* LaunchScreen.xib */; };
		52FFCCD21A1A795F00745607 /* I_m_InTests.m in Sources */ = {isa = PBXBuildFile; fileRef = 52FFCCD11A1A795F00745607 /* I_m_InTests.m */; };
		52FFCCEC1A1AAE1000745607 /* activity.jpeg in Resources */ = {isa = PBXBuildFile; fileRef = 52FFCCEB1A1AAE1000745607 /* activity.jpeg */; };
		D515DED51A1EA02900B1F400 /* road-trip-ftr_Fotor.jpg in Resources */ = {isa = PBXBuildFile; fileRef = D515DED41A1EA02900B1F400 /* road-trip-ftr_Fotor.jpg */; };
		D515DED91A1EA40700B1F400 /* unsplash_52c319226cefb_1.jpeg in Resources */ = {isa = PBXBuildFile; fileRef = D515DED81A1EA40700B1F400 /* unsplash_52c319226cefb_1.jpeg */; };
		D515DEDB1A1EAD7700B1F400 /* unsplash_52c319226cefb_1_Fotor 2.jpg in Resources */ = {isa = PBXBuildFile; fileRef = D515DEDA1A1EAD7700B1F400 /* unsplash_52c319226cefb_1_Fotor 2.jpg */; };
		D515DEDF1A1EBF4D00B1F400 /* transparent logo 2.tiff in Resources */ = {isa = PBXBuildFile; fileRef = D515DEDE1A1EBF4D00B1F400 /* transparent logo 2.tiff */; };
		D515DEE11A1EC42000B1F400 /* i'm in transparent 2.tiff in Resources */ = {isa = PBXBuildFile; fileRef = D515DEE01A1EC42000B1F400 /* i'm in transparent 2.tiff */; };
		D519DF4E1A1A88CA0076EE0E /* concert.png in Resources */ = {isa = PBXBuildFile; fileRef = D519DF4D1A1A88CA0076EE0E /* concert.png */; };
		D58655F31A1D068800736DFC /* waterPeople.jpeg in Resources */ = {isa = PBXBuildFile; fileRef = D58655F21A1D068800736DFC /* waterPeople.jpeg */; };
		D5FB0E311A1E6BC000B12F22 /* Shree714.ttc in Resources */ = {isa = PBXBuildFile; fileRef = D5FB0E301A1E6BA800B12F22 /* Shree714.ttc */; };
/* End PBXBuildFile section */

/* Begin PBXContainerItemProxy section */
		52FFCCCC1A1A795F00745607 /* PBXContainerItemProxy */ = {
			isa = PBXContainerItemProxy;
			containerPortal = 52FFCCA71A1A795F00745607 /* Project object */;
			proxyType = 1;
			remoteGlobalIDString = 52FFCCAE1A1A795F00745607;
			remoteInfo = "I'm In";
		};
/* End PBXContainerItemProxy section */

/* Begin PBXFileReference section */
		520DD4321A1BBE4F004EBE2B /* signup.json */ = {isa = PBXFileReference; fileEncoding = 4; lastKnownFileType = text.json; name = signup.json; path = "I'm In/signup.json"; sourceTree = "<group>"; };
		520DD4341A1BBE66004EBE2B /* login.json */ = {isa = PBXFileReference; fileEncoding = 4; lastKnownFileType = text.json; name = login.json; path = "I'm In/login.json"; sourceTree = "<group>"; };
		520DD4361A1BBED9004EBE2B /* loginConfirmation.json */ = {isa = PBXFileReference; fileEncoding = 4; lastKnownFileType = text.json; name = loginConfirmation.json; path = "I'm In/loginConfirmation.json"; sourceTree = "<group>"; };
		520DD4381A1BBEF2004EBE2B /* allactivities.json */ = {isa = PBXFileReference; fileEncoding = 4; lastKnownFileType = text.json; name = allactivities.json; path = "I'm In/allactivities.json"; sourceTree = "<group>"; };
		520DD43A1A1BBF08004EBE2B /* newActivity.json */ = {isa = PBXFileReference; fileEncoding = 4; lastKnownFileType = text.json; name = newActivity.json; path = "I'm In/newActivity.json"; sourceTree = "<group>"; };
		5294BF361A1E7C0B00E9EA2D /* Constant.h */ = {isa = PBXFileReference; lastKnownFileType = sourcecode.c.h; name = Constant.h; path = "I'm In/Constant.h"; sourceTree = "<group>"; };
		5294BF371A1E7C3900E9EA2D /* Activity.h */ = {isa = PBXFileReference; fileEncoding = 4; lastKnownFileType = sourcecode.c.h; name = Activity.h; path = "I'm In/Activity.h"; sourceTree = "<group>"; };
		5294BF381A1E7C3900E9EA2D /* activity.json */ = {isa = PBXFileReference; fileEncoding = 4; lastKnownFileType = text.json; name = activity.json; path = "I'm In/activity.json"; sourceTree = "<group>"; };
		5294BF391A1E7C3900E9EA2D /* Activity.m */ = {isa = PBXFileReference; fileEncoding = 4; lastKnownFileType = sourcecode.c.objc; name = Activity.m; path = "I'm In/Activity.m"; sourceTree = "<group>"; };
		5294BF3A1A1E7C3900E9EA2D /* Attendee.h */ = {isa = PBXFileReference; fileEncoding = 4; lastKnownFileType = sourcecode.c.h; name = Attendee.h; path = "I'm In/Attendee.h"; sourceTree = "<group>"; };
		5294BF3B1A1E7C3900E9EA2D /* Attendee.m */ = {isa = PBXFileReference; fileEncoding = 4; lastKnownFileType = sourcecode.c.objc; name = Attendee.m; path = "I'm In/Attendee.m"; sourceTree = "<group>"; };
		5294BF3C1A1E7C3900E9EA2D /* getAllEvents.json */ = {isa = PBXFileReference; fileEncoding = 4; lastKnownFileType = text.json; name = getAllEvents.json; path = "I'm In/getAllEvents.json"; sourceTree = "<group>"; };
		5294BF411A1E7C7400E9EA2D /* ActivityTabViewController.h */ = {isa = PBXFileReference; fileEncoding = 4; lastKnownFileType = sourcecode.c.h; name = ActivityTabViewController.h; path = "I'm In/ActivityTabViewController.h"; sourceTree = "<group>"; };
		5294BF421A1E7C7400E9EA2D /* ActivityTabViewController.m */ = {isa = PBXFileReference; fileEncoding = 4; lastKnownFileType = sourcecode.c.objc; name = ActivityTabViewController.m; path = "I'm In/ActivityTabViewController.m"; sourceTree = "<group>"; };
		5294BF431A1E7C7400E9EA2D /* LoginViewController.h */ = {isa = PBXFileReference; fileEncoding = 4; lastKnownFileType = sourcecode.c.h; name = LoginViewController.h; path = "I'm In/LoginViewController.h"; sourceTree = "<group>"; };
		5294BF441A1E7C7400E9EA2D /* LoginViewController.m */ = {isa = PBXFileReference; fileEncoding = 4; lastKnownFileType = sourcecode.c.objc; name = LoginViewController.m; path = "I'm In/LoginViewController.m"; sourceTree = "<group>"; };
		5294BF451A1E7C7400E9EA2D /* MenuViewController.h */ = {isa = PBXFileReference; fileEncoding = 4; lastKnownFileType = sourcecode.c.h; name = MenuViewController.h; path = "I'm In/MenuViewController.h"; sourceTree = "<group>"; };
		5294BF461A1E7C7400E9EA2D /* MenuViewController.m */ = {isa = PBXFileReference; fileEncoding = 4; lastKnownFileType = sourcecode.c.objc; name = MenuViewController.m; path = "I'm In/MenuViewController.m"; sourceTree = "<group>"; };
		5294BF471A1E7C7400E9EA2D /* NetworkController.h */ = {isa = PBXFileReference; fileEncoding = 4; lastKnownFileType = sourcecode.c.h; name = NetworkController.h; path = "I'm In/NetworkController.h"; sourceTree = "<group>"; };
		5294BF481A1E7C7400E9EA2D /* NetworkController.m */ = {isa = PBXFileReference; fileEncoding = 4; lastKnownFileType = sourcecode.c.objc; name = NetworkController.m; path = "I'm In/NetworkController.m"; sourceTree = "<group>"; };
		5294BF491A1E7C7400E9EA2D /* NewActivityViewController.h */ = {isa = PBXFileReference; fileEncoding = 4; lastKnownFileType = sourcecode.c.h; name = NewActivityViewController.h; path = "I'm In/NewActivityViewController.h"; sourceTree = "<group>"; };
		5294BF4A1A1E7C7400E9EA2D /* NewActivityViewController.m */ = {isa = PBXFileReference; fileEncoding = 4; lastKnownFileType = sourcecode.c.objc; name = NewActivityViewController.m; path = "I'm In/NewActivityViewController.m"; sourceTree = "<group>"; };
		5294BF4B1A1E7C7400E9EA2D /* ProfileTabViewController.h */ = {isa = PBXFileReference; fileEncoding = 4; lastKnownFileType = sourcecode.c.h; name = ProfileTabViewController.h; path = "I'm In/ProfileTabViewController.h"; sourceTree = "<group>"; };
		5294BF4C1A1E7C7400E9EA2D /* ProfileTabViewController.m */ = {isa = PBXFileReference; fileEncoding = 4; lastKnownFileType = sourcecode.c.objc; name = ProfileTabViewController.m; path = "I'm In/ProfileTabViewController.m"; sourceTree = "<group>"; };
		5294BF4D1A1E7C7400E9EA2D /* SignUpViewController.h */ = {isa = PBXFileReference; fileEncoding = 4; lastKnownFileType = sourcecode.c.h; name = SignUpViewController.h; path = "I'm In/SignUpViewController.h"; sourceTree = "<group>"; };
		5294BF4E1A1E7C7400E9EA2D /* SignUpViewController.m */ = {isa = PBXFileReference; fileEncoding = 4; lastKnownFileType = sourcecode.c.objc; name = SignUpViewController.m; path = "I'm In/SignUpViewController.m"; sourceTree = "<group>"; };
		5294BF4F1A1E7C7400E9EA2D /* ViewActivityViewController.h */ = {isa = PBXFileReference; fileEncoding = 4; lastKnownFileType = sourcecode.c.h; name = ViewActivityViewController.h; path = "I'm In/ViewActivityViewController.h"; sourceTree = "<group>"; };
		5294BF501A1E7C7400E9EA2D /* ViewActivityViewController.m */ = {isa = PBXFileReference; fileEncoding = 4; lastKnownFileType = sourcecode.c.objc; name = ViewActivityViewController.m; path = "I'm In/ViewActivityViewController.m"; sourceTree = "<group>"; };
		5294BF591A1E7C9200E9EA2D /* ActivityTableViewCell.h */ = {isa = PBXFileReference; fileEncoding = 4; lastKnownFileType = sourcecode.c.h; name = ActivityTableViewCell.h; path = "I'm In/ActivityTableViewCell.h"; sourceTree = "<group>"; };
		5294BF5A1A1E7C9200E9EA2D /* ActivityTableViewCell.m */ = {isa = PBXFileReference; fileEncoding = 4; lastKnownFileType = sourcecode.c.objc; name = ActivityTableViewCell.m; path = "I'm In/ActivityTableViewCell.m"; sourceTree = "<group>"; };
		5294BF5B1A1E7C9200E9EA2D /* ActivityTableViewCell.xib */ = {isa = PBXFileReference; fileEncoding = 4; lastKnownFileType = file.xib; name = ActivityTableViewCell.xib; path = "I'm In/ActivityTableViewCell.xib"; sourceTree = "<group>"; };
		5294BF5C1A1E7C9200E9EA2D /* AttendeeTableViewCell.h */ = {isa = PBXFileReference; fileEncoding = 4; lastKnownFileType = sourcecode.c.h; name = AttendeeTableViewCell.h; path = "I'm In/AttendeeTableViewCell.h"; sourceTree = "<group>"; };
		5294BF5D1A1E7C9200E9EA2D /* AttendeeTableViewCell.m */ = {isa = PBXFileReference; fileEncoding = 4; lastKnownFileType = sourcecode.c.objc; name = AttendeeTableViewCell.m; path = "I'm In/AttendeeTableViewCell.m"; sourceTree = "<group>"; };
		5294BF5E1A1E7C9200E9EA2D /* AttendeeTableViewCell.xib */ = {isa = PBXFileReference; fileEncoding = 4; lastKnownFileType = file.xib; name = AttendeeTableViewCell.xib; path = "I'm In/AttendeeTableViewCell.xib"; sourceTree = "<group>"; };
		52D3D8CB1A1EC01B004B07D9 /* ActivityProtocol.h */ = {isa = PBXFileReference; fileEncoding = 4; lastKnownFileType = sourcecode.c.h; name = ActivityProtocol.h; path = "I'm In/ActivityProtocol.h"; sourceTree = "<group>"; };
		52D3D8CC1A1EC01B004B07D9 /* ActivityProtocol.m */ = {isa = PBXFileReference; fileEncoding = 4; lastKnownFileType = sourcecode.c.objc; name = ActivityProtocol.m; path = "I'm In/ActivityProtocol.m"; sourceTree = "<group>"; };
		52FFCCAF1A1A795F00745607 /* I'm In.app */ = {isa = PBXFileReference; explicitFileType = wrapper.application; includeInIndex = 0; path = "I'm In.app"; sourceTree = BUILT_PRODUCTS_DIR; };
		52FFCCB31A1A795F00745607 /* Info.plist */ = {isa = PBXFileReference; lastKnownFileType = text.plist.xml; path = Info.plist; sourceTree = "<group>"; };
		52FFCCB41A1A795F00745607 /* main.m */ = {isa = PBXFileReference; lastKnownFileType = sourcecode.c.objc; path = main.m; sourceTree = "<group>"; };
		52FFCCB61A1A795F00745607 /* AppDelegate.h */ = {isa = PBXFileReference; lastKnownFileType = sourcecode.c.h; name = AppDelegate.h; path = "I'm In/AppDelegate.h"; sourceTree = "<group>"; };
		52FFCCB71A1A795F00745607 /* AppDelegate.m */ = {isa = PBXFileReference; lastKnownFileType = sourcecode.c.objc; name = AppDelegate.m; path = "I'm In/AppDelegate.m"; sourceTree = "<group>"; };
		52FFCCC01A1A795F00745607 /* Base */ = {isa = PBXFileReference; lastKnownFileType = file.storyboard; name = Base; path = Base.lproj/Main.storyboard; sourceTree = "<group>"; };
		52FFCCC21A1A795F00745607 /* Images.xcassets */ = {isa = PBXFileReference; lastKnownFileType = folder.assetcatalog; path = Images.xcassets; sourceTree = "<group>"; };
		52FFCCC51A1A795F00745607 /* Base */ = {isa = PBXFileReference; lastKnownFileType = file.xib; name = Base; path = Base.lproj/LaunchScreen.xib; sourceTree = "<group>"; };
		52FFCCCB1A1A795F00745607 /* I'm InTests.xctest */ = {isa = PBXFileReference; explicitFileType = wrapper.cfbundle; includeInIndex = 0; path = "I'm InTests.xctest"; sourceTree = BUILT_PRODUCTS_DIR; };
		52FFCCD01A1A795F00745607 /* Info.plist */ = {isa = PBXFileReference; lastKnownFileType = text.plist.xml; path = Info.plist; sourceTree = "<group>"; };
		52FFCCD11A1A795F00745607 /* I_m_InTests.m */ = {isa = PBXFileReference; lastKnownFileType = sourcecode.c.objc; path = I_m_InTests.m; sourceTree = "<group>"; };
		52FFCCEB1A1AAE1000745607 /* activity.jpeg */ = {isa = PBXFileReference; lastKnownFileType = image.jpeg; path = activity.jpeg; sourceTree = "<group>"; };
		D515DECF1A1E7E5B00B1F400 /* AYVibrantButton.m */ = {isa = PBXFileReference; fileEncoding = 4; lastKnownFileType = sourcecode.c.objc; path = AYVibrantButton.m; sourceTree = "<group>"; };
		D515DED11A1E7E6400B1F400 /* AYVibrantButton.h */ = {isa = PBXFileReference; lastKnownFileType = sourcecode.c.h; path = AYVibrantButton.h; sourceTree = "<group>"; };
		D515DED41A1EA02900B1F400 /* road-trip-ftr_Fotor.jpg */ = {isa = PBXFileReference; lastKnownFileType = image.jpeg; path = "road-trip-ftr_Fotor.jpg"; sourceTree = "<group>"; };
		D515DED81A1EA40700B1F400 /* unsplash_52c319226cefb_1.jpeg */ = {isa = PBXFileReference; lastKnownFileType = image.jpeg; path = unsplash_52c319226cefb_1.jpeg; sourceTree = "<group>"; };
		D515DEDA1A1EAD7700B1F400 /* unsplash_52c319226cefb_1_Fotor 2.jpg */ = {isa = PBXFileReference; lastKnownFileType = image.jpeg; path = "unsplash_52c319226cefb_1_Fotor 2.jpg"; sourceTree = "<group>"; };
		D515DEDE1A1EBF4D00B1F400 /* transparent logo 2.tiff */ = {isa = PBXFileReference; lastKnownFileType = image.tiff; path = "transparent logo 2.tiff"; sourceTree = "<group>"; };
		D515DEE01A1EC42000B1F400 /* i'm in transparent 2.tiff */ = {isa = PBXFileReference; lastKnownFileType = image.tiff; path = "i'm in transparent 2.tiff"; sourceTree = "<group>"; };
		D519DF4D1A1A88CA0076EE0E /* concert.png */ = {isa = PBXFileReference; lastKnownFileType = image.png; path = concert.png; sourceTree = "<group>"; };
		D58655F21A1D068800736DFC /* waterPeople.jpeg */ = {isa = PBXFileReference; lastKnownFileType = image.jpeg; path = waterPeople.jpeg; sourceTree = "<group>"; };
		D5FB0E301A1E6BA800B12F22 /* Shree714.ttc */ = {isa = PBXFileReference; lastKnownFileType = file; path = Shree714.ttc; sourceTree = "<group>"; };
/* End PBXFileReference section */

/* Begin PBXFrameworksBuildPhase section */
		52FFCCAC1A1A795F00745607 /* Frameworks */ = {
			isa = PBXFrameworksBuildPhase;
			buildActionMask = 2147483647;
			files = (
			);
			runOnlyForDeploymentPostprocessing = 0;
		};
		52FFCCC81A1A795F00745607 /* Frameworks */ = {
			isa = PBXFrameworksBuildPhase;
			buildActionMask = 2147483647;
			files = (
			);
			runOnlyForDeploymentPostprocessing = 0;
		};
/* End PBXFrameworksBuildPhase section */

/* Begin PBXGroup section */
		52FFCCA61A1A795F00745607 = {
			isa = PBXGroup;
			children = (
				52FFCCB11A1A795F00745607 /* I'm In */,
				52FFCCCE1A1A795F00745607 /* I'm InTests */,
				52FFCCB01A1A795F00745607 /* Products */,
			);
			sourceTree = "<group>";
		};
		52FFCCB01A1A795F00745607 /* Products */ = {
			isa = PBXGroup;
			children = (
				52FFCCAF1A1A795F00745607 /* I'm In.app */,
				52FFCCCB1A1A795F00745607 /* I'm InTests.xctest */,
			);
			name = Products;
			sourceTree = "<group>";
		};
		52FFCCB11A1A795F00745607 /* I'm In */ = {
			isa = PBXGroup;
			children = (
				D519DF0F1A1A7F420076EE0E /* Model Layer */,
				D519DF0E1A1A7F370076EE0E /* Controller Layer */,
				D519DF101A1A7F480076EE0E /* View Layer */,
				52FFCCB21A1A795F00745607 /* Supporting Files */,
			);
			path = "I'm In";
			sourceTree = "<group>";
		};
		52FFCCB21A1A795F00745607 /* Supporting Files */ = {
			isa = PBXGroup;
			children = (
				D515DEE01A1EC42000B1F400 /* i'm in transparent 2.tiff */,
				D515DEDE1A1EBF4D00B1F400 /* transparent logo 2.tiff */,
				D515DEDA1A1EAD7700B1F400 /* unsplash_52c319226cefb_1_Fotor 2.jpg */,
				D515DED81A1EA40700B1F400 /* unsplash_52c319226cefb_1.jpeg */,
				D515DED41A1EA02900B1F400 /* road-trip-ftr_Fotor.jpg */,
				D5FB0E301A1E6BA800B12F22 /* Shree714.ttc */,
				D58655F21A1D068800736DFC /* waterPeople.jpeg */,
				52FFCCEB1A1AAE1000745607 /* activity.jpeg */,
				52FFCCC21A1A795F00745607 /* Images.xcassets */,
				52FFCCB31A1A795F00745607 /* Info.plist */,
				52FFCCB41A1A795F00745607 /* main.m */,
			);
			name = "Supporting Files";
			sourceTree = "<group>";
		};
		52FFCCCE1A1A795F00745607 /* I'm InTests */ = {
			isa = PBXGroup;
			children = (
				52FFCCD11A1A795F00745607 /* I_m_InTests.m */,
				52FFCCCF1A1A795F00745607 /* Supporting Files */,
			);
			path = "I'm InTests";
			sourceTree = "<group>";
		};
		52FFCCCF1A1A795F00745607 /* Supporting Files */ = {
			isa = PBXGroup;
			children = (
				D519DF4D1A1A88CA0076EE0E /* concert.png */,
				52FFCCD01A1A795F00745607 /* Info.plist */,
			);
			name = "Supporting Files";
			sourceTree = "<group>";
		};
		D519DF0E1A1A7F370076EE0E /* Controller Layer */ = {
			isa = PBXGroup;
			children = (
				5294BF471A1E7C7400E9EA2D /* NetworkController.h */,
				5294BF481A1E7C7400E9EA2D /* NetworkController.m */,
				5294BF411A1E7C7400E9EA2D /* ActivityTabViewController.h */,
				5294BF421A1E7C7400E9EA2D /* ActivityTabViewController.m */,
				5294BF431A1E7C7400E9EA2D /* LoginViewController.h */,
				5294BF441A1E7C7400E9EA2D /* LoginViewController.m */,
				5294BF451A1E7C7400E9EA2D /* MenuViewController.h */,
				5294BF461A1E7C7400E9EA2D /* MenuViewController.m */,
				5294BF491A1E7C7400E9EA2D /* NewActivityViewController.h */,
				5294BF4A1A1E7C7400E9EA2D /* NewActivityViewController.m */,
				5294BF4B1A1E7C7400E9EA2D /* ProfileTabViewController.h */,
				5294BF4C1A1E7C7400E9EA2D /* ProfileTabViewController.m */,
				5294BF4D1A1E7C7400E9EA2D /* SignUpViewController.h */,
				5294BF4E1A1E7C7400E9EA2D /* SignUpViewController.m */,
				5294BF4F1A1E7C7400E9EA2D /* ViewActivityViewController.h */,
				5294BF501A1E7C7400E9EA2D /* ViewActivityViewController.m */,
				52D3D8CB1A1EC01B004B07D9 /* ActivityProtocol.h */,
				52D3D8CC1A1EC01B004B07D9 /* ActivityProtocol.m */,
			);
			name = "Controller Layer";
			path = ..;
			sourceTree = "<group>";
		};
		D519DF0F1A1A7F420076EE0E /* Model Layer */ = {
			isa = PBXGroup;
			children = (
				5294BF361A1E7C0B00E9EA2D /* Constant.h */,
				5294BF371A1E7C3900E9EA2D /* Activity.h */,
				5294BF391A1E7C3900E9EA2D /* Activity.m */,
				5294BF3A1A1E7C3900E9EA2D /* Attendee.h */,
				5294BF3B1A1E7C3900E9EA2D /* Attendee.m */,
				52FFCCB61A1A795F00745607 /* AppDelegate.h */,
				52FFCCB71A1A795F00745607 /* AppDelegate.m */,
				5294BF3C1A1E7C3900E9EA2D /* getAllEvents.json */,
				520DD4321A1BBE4F004EBE2B /* signup.json */,
				520DD4341A1BBE66004EBE2B /* login.json */,
				520DD4361A1BBED9004EBE2B /* loginConfirmation.json */,
				520DD4381A1BBEF2004EBE2B /* allactivities.json */,
				5294BF381A1E7C3900E9EA2D /* activity.json */,
				520DD43A1A1BBF08004EBE2B /* newActivity.json */,
			);
			name = "Model Layer";
			path = ..;
			sourceTree = "<group>";
		};
		D519DF101A1A7F480076EE0E /* View Layer */ = {
			isa = PBXGroup;
			children = (
				5294BF591A1E7C9200E9EA2D /* ActivityTableViewCell.h */,
				5294BF5A1A1E7C9200E9EA2D /* ActivityTableViewCell.m */,
				5294BF5B1A1E7C9200E9EA2D /* ActivityTableViewCell.xib */,
				5294BF5C1A1E7C9200E9EA2D /* AttendeeTableViewCell.h */,
				5294BF5D1A1E7C9200E9EA2D /* AttendeeTableViewCell.m */,
				5294BF5E1A1E7C9200E9EA2D /* AttendeeTableViewCell.xib */,
				52FFCCBF1A1A795F00745607 /* Main.storyboard */,
				D515DED11A1E7E6400B1F400 /* AYVibrantButton.h */,
				D515DECF1A1E7E5B00B1F400 /* AYVibrantButton.m */,
				52FFCCC41A1A795F00745607 /* LaunchScreen.xib */,
			);
			name = "View Layer";
			path = ..;
			sourceTree = "<group>";
		};
/* End PBXGroup section */

/* Begin PBXNativeTarget section */
		52FFCCAE1A1A795F00745607 /* I'm In */ = {
			isa = PBXNativeTarget;
			buildConfigurationList = 52FFCCD51A1A795F00745607 /* Build configuration list for PBXNativeTarget "I'm In" */;
			buildPhases = (
				52FFCCAB1A1A795F00745607 /* Sources */,
				52FFCCAC1A1A795F00745607 /* Frameworks */,
				52FFCCAD1A1A795F00745607 /* Resources */,
			);
			buildRules = (
			);
			dependencies = (
			);
			name = "I'm In";
			productName = "I'm In";
			productReference = 52FFCCAF1A1A795F00745607 /* I'm In.app */;
			productType = "com.apple.product-type.application";
		};
		52FFCCCA1A1A795F00745607 /* I'm InTests */ = {
			isa = PBXNativeTarget;
			buildConfigurationList = 52FFCCD81A1A795F00745607 /* Build configuration list for PBXNativeTarget "I'm InTests" */;
			buildPhases = (
				52FFCCC71A1A795F00745607 /* Sources */,
				52FFCCC81A1A795F00745607 /* Frameworks */,
				52FFCCC91A1A795F00745607 /* Resources */,
			);
			buildRules = (
			);
			dependencies = (
				52FFCCCD1A1A795F00745607 /* PBXTargetDependency */,
			);
			name = "I'm InTests";
			productName = "I'm InTests";
			productReference = 52FFCCCB1A1A795F00745607 /* I'm InTests.xctest */;
			productType = "com.apple.product-type.bundle.unit-test";
		};
/* End PBXNativeTarget section */

/* Begin PBXProject section */
		52FFCCA71A1A795F00745607 /* Project object */ = {
			isa = PBXProject;
			attributes = {
				LastUpgradeCheck = 0610;
				ORGANIZATIONNAME = "Code Fellows";
				TargetAttributes = {
					52FFCCAE1A1A795F00745607 = {
						CreatedOnToolsVersion = 6.1;
					};
					52FFCCCA1A1A795F00745607 = {
						CreatedOnToolsVersion = 6.1;
						TestTargetID = 52FFCCAE1A1A795F00745607;
					};
				};
			};
			buildConfigurationList = 52FFCCAA1A1A795F00745607 /* Build configuration list for PBXProject "I'm In" */;
			compatibilityVersion = "Xcode 3.2";
			developmentRegion = English;
			hasScannedForEncodings = 0;
			knownRegions = (
				en,
				Base,
			);
			mainGroup = 52FFCCA61A1A795F00745607;
			productRefGroup = 52FFCCB01A1A795F00745607 /* Products */;
			projectDirPath = "";
			projectRoot = "";
			targets = (
				52FFCCAE1A1A795F00745607 /* I'm In */,
				52FFCCCA1A1A795F00745607 /* I'm InTests */,
			);
		};
/* End PBXProject section */

/* Begin PBXResourcesBuildPhase section */
		52FFCCAD1A1A795F00745607 /* Resources */ = {
			isa = PBXResourcesBuildPhase;
			buildActionMask = 2147483647;
			files = (
				D515DEE11A1EC42000B1F400 /* i'm in transparent 2.tiff in Resources */,
				520DD4371A1BBED9004EBE2B /* loginConfirmation.json in Resources */,
				52FFCCC11A1A795F00745607 /* Main.storyboard in Resources */,
				5294BF3D1A1E7C3900E9EA2D /* activity.json in Resources */,
				52FFCCC61A1A795F00745607 /* LaunchScreen.xib in Resources */,
				D515DEDF1A1EBF4D00B1F400 /* transparent logo 2.tiff in Resources */,
				520DD43B1A1BBF08004EBE2B /* newActivity.json in Resources */,
				D515DEDB1A1EAD7700B1F400 /* unsplash_52c319226cefb_1_Fotor 2.jpg in Resources */,
				D58655F31A1D068800736DFC /* waterPeople.jpeg in Resources */,
				D515DED91A1EA40700B1F400 /* unsplash_52c319226cefb_1.jpeg in Resources */,
				520DD4331A1BBE4F004EBE2B /* signup.json in Resources */,
				5294BF401A1E7C3900E9EA2D /* getAllEvents.json in Resources */,
				5294BF631A1E7C9200E9EA2D /* ActivityTableViewCell.xib in Resources */,
				52FFCCEC1A1AAE1000745607 /* activity.jpeg in Resources */,
				D5FB0E311A1E6BC000B12F22 /* Shree714.ttc in Resources */,
				D515DED51A1EA02900B1F400 /* road-trip-ftr_Fotor.jpg in Resources */,
				520DD4351A1BBE66004EBE2B /* login.json in Resources */,
				5294BF651A1E7C9200E9EA2D /* AttendeeTableViewCell.xib in Resources */,
				52FFCCC31A1A795F00745607 /* Images.xcassets in Resources */,
				520DD4391A1BBEF2004EBE2B /* allactivities.json in Resources */,
			);
			runOnlyForDeploymentPostprocessing = 0;
		};
		52FFCCC91A1A795F00745607 /* Resources */ = {
			isa = PBXResourcesBuildPhase;
			buildActionMask = 2147483647;
			files = (
				D519DF4E1A1A88CA0076EE0E /* concert.png in Resources */,
			);
			runOnlyForDeploymentPostprocessing = 0;
		};
/* End PBXResourcesBuildPhase section */

/* Begin PBXSourcesBuildPhase section */
		52FFCCAB1A1A795F00745607 /* Sources */ = {
			isa = PBXSourcesBuildPhase;
			buildActionMask = 2147483647;
			files = (
				5294BF531A1E7C7400E9EA2D /* MenuViewController.m in Sources */,
				5294BF621A1E7C9200E9EA2D /* ActivityTableViewCell.m in Sources */,
				5294BF581A1E7C7400E9EA2D /* ViewActivityViewController.m in Sources */,
				5294BF3E1A1E7C3900E9EA2D /* Activity.m in Sources */,
				52FFCCB81A1A795F00745607 /* AppDelegate.m in Sources */,
				5294BF521A1E7C7400E9EA2D /* LoginViewController.m in Sources */,
				5294BF3F1A1E7C3900E9EA2D /* Attendee.m in Sources */,
				5294BF511A1E7C7400E9EA2D /* ActivityTabViewController.m in Sources */,
				52FFCCB51A1A795F00745607 /* main.m in Sources */,
				52D3D8CD1A1EC01B004B07D9 /* ActivityProtocol.m in Sources */,
				5294BF551A1E7C7400E9EA2D /* NewActivityViewController.m in Sources */,
				5294BF541A1E7C7400E9EA2D /* NetworkController.m in Sources */,
				5294BF571A1E7C7400E9EA2D /* SignUpViewController.m in Sources */,
				5294BF641A1E7C9200E9EA2D /* AttendeeTableViewCell.m in Sources */,
				5294BF561A1E7C7400E9EA2D /* ProfileTabViewController.m in Sources */,
			);
			runOnlyForDeploymentPostprocessing = 0;
		};
		52FFCCC71A1A795F00745607 /* Sources */ = {
			isa = PBXSourcesBuildPhase;
			buildActionMask = 2147483647;
			files = (
				52FFCCD21A1A795F00745607 /* I_m_InTests.m in Sources */,
			);
			runOnlyForDeploymentPostprocessing = 0;
		};
/* End PBXSourcesBuildPhase section */

/* Begin PBXTargetDependency section */
		52FFCCCD1A1A795F00745607 /* PBXTargetDependency */ = {
			isa = PBXTargetDependency;
			target = 52FFCCAE1A1A795F00745607 /* I'm In */;
			targetProxy = 52FFCCCC1A1A795F00745607 /* PBXContainerItemProxy */;
		};
/* End PBXTargetDependency section */

/* Begin PBXVariantGroup section */
		52FFCCBF1A1A795F00745607 /* Main.storyboard */ = {
			isa = PBXVariantGroup;
			children = (
				52FFCCC01A1A795F00745607 /* Base */,
			);
			name = Main.storyboard;
			path = "I'm In";
			sourceTree = "<group>";
		};
		52FFCCC41A1A795F00745607 /* LaunchScreen.xib */ = {
			isa = PBXVariantGroup;
			children = (
				52FFCCC51A1A795F00745607 /* Base */,
			);
			name = LaunchScreen.xib;
			path = "I'm In";
			sourceTree = "<group>";
		};
/* End PBXVariantGroup section */

/* Begin XCBuildConfiguration section */
		52FFCCD31A1A795F00745607 /* Debug */ = {
			isa = XCBuildConfiguration;
			buildSettings = {
				ALWAYS_SEARCH_USER_PATHS = NO;
				CLANG_CXX_LANGUAGE_STANDARD = "gnu++0x";
				CLANG_CXX_LIBRARY = "libc++";
				CLANG_ENABLE_MODULES = YES;
				CLANG_ENABLE_OBJC_ARC = YES;
				CLANG_WARN_BOOL_CONVERSION = YES;
				CLANG_WARN_CONSTANT_CONVERSION = YES;
				CLANG_WARN_DIRECT_OBJC_ISA_USAGE = YES_ERROR;
				CLANG_WARN_EMPTY_BODY = YES;
				CLANG_WARN_ENUM_CONVERSION = YES;
				CLANG_WARN_INT_CONVERSION = YES;
				CLANG_WARN_OBJC_ROOT_CLASS = YES_ERROR;
				CLANG_WARN_UNREACHABLE_CODE = YES;
				CLANG_WARN__DUPLICATE_METHOD_MATCH = YES;
				"CODE_SIGN_IDENTITY[sdk=iphoneos*]" = "iPhone Developer";
				COPY_PHASE_STRIP = NO;
				ENABLE_STRICT_OBJC_MSGSEND = YES;
				GCC_C_LANGUAGE_STANDARD = gnu99;
				GCC_DYNAMIC_NO_PIC = NO;
				GCC_OPTIMIZATION_LEVEL = 0;
				GCC_PREPROCESSOR_DEFINITIONS = (
					"DEBUG=1",
					"$(inherited)",
				);
				GCC_SYMBOLS_PRIVATE_EXTERN = NO;
				GCC_WARN_64_TO_32_BIT_CONVERSION = YES;
				GCC_WARN_ABOUT_RETURN_TYPE = YES_ERROR;
				GCC_WARN_UNDECLARED_SELECTOR = YES;
				GCC_WARN_UNINITIALIZED_AUTOS = YES_AGGRESSIVE;
				GCC_WARN_UNUSED_FUNCTION = YES;
				GCC_WARN_UNUSED_VARIABLE = YES;
				IPHONEOS_DEPLOYMENT_TARGET = 8.1;
				MTL_ENABLE_DEBUG_INFO = YES;
				ONLY_ACTIVE_ARCH = YES;
				SDKROOT = iphoneos;
			};
			name = Debug;
		};
		52FFCCD41A1A795F00745607 /* Release */ = {
			isa = XCBuildConfiguration;
			buildSettings = {
				ALWAYS_SEARCH_USER_PATHS = NO;
				CLANG_CXX_LANGUAGE_STANDARD = "gnu++0x";
				CLANG_CXX_LIBRARY = "libc++";
				CLANG_ENABLE_MODULES = YES;
				CLANG_ENABLE_OBJC_ARC = YES;
				CLANG_WARN_BOOL_CONVERSION = YES;
				CLANG_WARN_CONSTANT_CONVERSION = YES;
				CLANG_WARN_DIRECT_OBJC_ISA_USAGE = YES_ERROR;
				CLANG_WARN_EMPTY_BODY = YES;
				CLANG_WARN_ENUM_CONVERSION = YES;
				CLANG_WARN_INT_CONVERSION = YES;
				CLANG_WARN_OBJC_ROOT_CLASS = YES_ERROR;
				CLANG_WARN_UNREACHABLE_CODE = YES;
				CLANG_WARN__DUPLICATE_METHOD_MATCH = YES;
				"CODE_SIGN_IDENTITY[sdk=iphoneos*]" = "iPhone Developer";
				COPY_PHASE_STRIP = YES;
				ENABLE_NS_ASSERTIONS = NO;
				ENABLE_STRICT_OBJC_MSGSEND = YES;
				GCC_C_LANGUAGE_STANDARD = gnu99;
				GCC_WARN_64_TO_32_BIT_CONVERSION = YES;
				GCC_WARN_ABOUT_RETURN_TYPE = YES_ERROR;
				GCC_WARN_UNDECLARED_SELECTOR = YES;
				GCC_WARN_UNINITIALIZED_AUTOS = YES_AGGRESSIVE;
				GCC_WARN_UNUSED_FUNCTION = YES;
				GCC_WARN_UNUSED_VARIABLE = YES;
				IPHONEOS_DEPLOYMENT_TARGET = 8.1;
				MTL_ENABLE_DEBUG_INFO = NO;
				SDKROOT = iphoneos;
				VALIDATE_PRODUCT = YES;
			};
			name = Release;
		};
		52FFCCD61A1A795F00745607 /* Debug */ = {
			isa = XCBuildConfiguration;
			buildSettings = {
				ASSETCATALOG_COMPILER_APPICON_NAME = AppIcon;
				INFOPLIST_FILE = "I'm In/Info.plist";
				LD_RUNPATH_SEARCH_PATHS = "$(inherited) @executable_path/Frameworks";
				PRODUCT_NAME = "$(TARGET_NAME)";
			};
			name = Debug;
		};
		52FFCCD71A1A795F00745607 /* Release */ = {
			isa = XCBuildConfiguration;
			buildSettings = {
				ASSETCATALOG_COMPILER_APPICON_NAME = AppIcon;
				INFOPLIST_FILE = "I'm In/Info.plist";
				LD_RUNPATH_SEARCH_PATHS = "$(inherited) @executable_path/Frameworks";
				PRODUCT_NAME = "$(TARGET_NAME)";
			};
			name = Release;
		};
		52FFCCD91A1A795F00745607 /* Debug */ = {
			isa = XCBuildConfiguration;
			buildSettings = {
				BUNDLE_LOADER = "$(TEST_HOST)";
				FRAMEWORK_SEARCH_PATHS = (
					"$(SDKROOT)/Developer/Library/Frameworks",
					"$(inherited)",
				);
				GCC_PREPROCESSOR_DEFINITIONS = (
					"DEBUG=1",
					"$(inherited)",
				);
				INFOPLIST_FILE = "I'm InTests/Info.plist";
				LD_RUNPATH_SEARCH_PATHS = "$(inherited) @executable_path/Frameworks @loader_path/Frameworks";
				PRODUCT_NAME = "$(TARGET_NAME)";
				TEST_HOST = "$(BUILT_PRODUCTS_DIR)/I'm In.app/I'm In";
			};
			name = Debug;
		};
		52FFCCDA1A1A795F00745607 /* Release */ = {
			isa = XCBuildConfiguration;
			buildSettings = {
				BUNDLE_LOADER = "$(TEST_HOST)";
				FRAMEWORK_SEARCH_PATHS = (
					"$(SDKROOT)/Developer/Library/Frameworks",
					"$(inherited)",
				);
				INFOPLIST_FILE = "I'm InTests/Info.plist";
				LD_RUNPATH_SEARCH_PATHS = "$(inherited) @executable_path/Frameworks @loader_path/Frameworks";
				PRODUCT_NAME = "$(TARGET_NAME)";
				TEST_HOST = "$(BUILT_PRODUCTS_DIR)/I'm In.app/I'm In";
			};
			name = Release;
		};
/* End XCBuildConfiguration section */

/* Begin XCConfigurationList section */
		52FFCCAA1A1A795F00745607 /* Build configuration list for PBXProject "I'm In" */ = {
			isa = XCConfigurationList;
			buildConfigurations = (
				52FFCCD31A1A795F00745607 /* Debug */,
				52FFCCD41A1A795F00745607 /* Release */,
			);
			defaultConfigurationIsVisible = 0;
			defaultConfigurationName = Release;
		};
		52FFCCD51A1A795F00745607 /* Build configuration list for PBXNativeTarget "I'm In" */ = {
			isa = XCConfigurationList;
			buildConfigurations = (
				52FFCCD61A1A795F00745607 /* Debug */,
				52FFCCD71A1A795F00745607 /* Release */,
			);
			defaultConfigurationIsVisible = 0;
			defaultConfigurationName = Release;
		};
		52FFCCD81A1A795F00745607 /* Build configuration list for PBXNativeTarget "I'm InTests" */ = {
			isa = XCConfigurationList;
			buildConfigurations = (
				52FFCCD91A1A795F00745607 /* Debug */,
				52FFCCDA1A1A795F00745607 /* Release */,
			);
			defaultConfigurationIsVisible = 0;
			defaultConfigurationName = Release;
		};
/* End XCConfigurationList section */
	};
	rootObject = 52FFCCA71A1A795F00745607 /* Project object */;
}
